
Microsoft Visual Studio Solution File, Format Version 12.00
# Visual Studio Version 16
VisualStudioVersion = 16.0.32228.343
MinimumVisualStudioVersion = 10.0.40219.1
Project("{FAE04EC0-301F-11D3-BF4B-00C04F79EFBC}") = "Circustrein", "Circustrein\Circustrein.csproj", "{830A0E27-BBAF-434F-BDDC-AC29019F0F34}"
EndProject
Global
	GlobalSection(SolutionConfigurationPlatforms) = preSolution
		Debug|Any CPU = Debug|Any CPU
		Release|Any CPU = Release|Any CPU
	EndGlobalSection
	GlobalSection(ProjectConfigurationPlatforms) = postSolution
		{830A0E27-BBAF-434F-BDDC-AC29019F0F34}.Debug|Any CPU.ActiveCfg = Debug|Any CPU
		{830A0E27-BBAF-434F-BDDC-AC29019F0F34}.Debug|Any CPU.Build.0 = Debug|Any CPU
		{830A0E27-BBAF-434F-BDDC-AC29019F0F34}.Release|Any CPU.ActiveCfg = Release|Any CPU
		{830A0E27-BBAF-434F-BDDC-AC29019F0F34}.Release|Any CPU.Build.0 = Release|Any CPU
	EndGlobalSection
	GlobalSection(SolutionProperties) = preSolution
		HideSolutionNode = FALSE
	EndGlobalSection
	GlobalSection(ExtensibilityGlobals) = postSolution
		SolutionGuid = {23BC4798-E801-4613-8ADB-64D1DB310183}
	EndGlobalSection
EndGlobal
